<Solution>
  <Configurations>
    <Platform Name="x64" />
    <Platform Name="x86" />
  </Configurations>
  <Project Path="../courses/coding-in-C++/Lab_1/myLab1/myLab1.vcxproj" Id="74e4143b-648a-4b41-a16b-76ddfdf75826" />
  <Project Path="../courses/coding-in-C++/Lab_1/myLab1Sec4/myLab1Sec4.vcxproj" Id="77dc5cbe-c07a-41ca-9c88-fdddea4cd0f9" />
  <Project Path="../courses/coding-in-C++/Lab_2/myLab2sec4/myLab2sec4.vcxproj" Id="7dd83dd7-9b7d-473b-a51e-902a9e593191" />
  <Project Path="../courses/coding-in-C++/Lab_2/myLab2Sec5/myLab2Sec5.vcxproj" Id="5f0ce0a6-f1b6-4347-a224-4509949acdc6" />
  <Project Path="../courses/coding-in-C++/Lab_3/myLab3Sec2/myLab3Sec2.vcxproj" Id="953175d3-4d93-4e37-a965-6926e0a42111" />
  <Project Path="../courses/coding-in-C++/Lab_3/myLab3Sec4/myLab3Sec4.vcxproj" Id="dd535904-049d-4be9-9be7-6ffca83dc9ab" />
  <Project Path="../courses/coding-in-C++/Lab_4/myLab4Sec1/myLab3Sec1.vcxproj" Id="16261a56-b742-474d-93be-b13bed0ac3ae" />
  <Project Path="../courses/coding-in-C++/Lab_4/myLab4Sec2/myLab4Sec2.vcxproj" Id="58ad2c6a-4cac-456b-9f1d-89a35b7fce0e" />
  <Project Path="../courses/coding-in-C++/Lab_4/myLab4Sec4/myLab4Sec4.vcxproj" Id="25e619dc-23a8-4e3e-a36b-cf03f63202b2" />
  <Project Path="../courses/coding-in-C++/Lab_5/generic-excercise/generic-excercise.vcxproj" Id="624e482e-88b5-4825-a612-bfb6272a6d0b" />
  <Project Path="../courses/coding-in-C++/Lab_5/myLab5/myLab5.vcxproj" Id="374d8f3e-3263-4aaf-93d5-88267fba2db3" />
  <Project Path="../courses/coding-in-C++/Lab_6/myLab6Sec1/myLab6Sec1.vcxproj" Id="492a5754-ce67-4d8c-b306-f5c6bf8f69ab" />
  <Project Path="sort_with_lambdas/sort_with_lambdas.vcxproj" Id="009efc2e-6d96-40e0-a4de-be1b1470d01c" />
</Solution>
